// !$*UTF8*$!
{
	archiveVersion = 1;
	classes = {
	};
	objectVersion = 48;
	objects = {

/* Begin PBXBuildFile section */
		4C18901F22B9A95B0010052A /* LoginInScreenViewController.swift in Sources */ = {isa = PBXBuildFile; fileRef = 4C18901D22B9A95B0010052A /* LoginInScreenViewController.swift */; };
		4C18902022B9A95B0010052A /* LoginInScreenViewController.xib in Resources */ = {isa = PBXBuildFile; fileRef = 4C18901E22B9A95B0010052A /* LoginInScreenViewController.xib */; };
		4C18902322BAC0A60010052A /* QuizListViewController.swift in Sources */ = {isa = PBXBuildFile; fileRef = 4C18902122BAC0A60010052A /* QuizListViewController.swift */; };
		4C18902422BAC0A60010052A /* QuizListViewController.xib in Resources */ = {isa = PBXBuildFile; fileRef = 4C18902222BAC0A60010052A /* QuizListViewController.xib */; };
		4C18902722BAF4640010052A /* QuizListViewModel.swift in Sources */ = {isa = PBXBuildFile; fileRef = 4C18902622BAF4640010052A /* QuizListViewModel.swift */; };
		4C18902922BFD3370010052A /* DataController.swift in Sources */ = {isa = PBXBuildFile; fileRef = 4C18902822BFD3370010052A /* DataController.swift */; };
		4C18902B22BFE1B70010052A /* Quiz + CoreDataProperties.swift in Sources */ = {isa = PBXBuildFile; fileRef = 4C18902A22BFE1B70010052A /* Quiz + CoreDataProperties.swift */; };
		4C18902D22BFF3380010052A /* Question + CoreDataProperties.swift in Sources */ = {isa = PBXBuildFile; fileRef = 4C18902C22BFF3380010052A /* Question + CoreDataProperties.swift */; };
		4C18902F22C108590010052A /* QuizScore.swift in Sources */ = {isa = PBXBuildFile; fileRef = 4C18902E22C108590010052A /* QuizScore.swift */; };
		4C18903622C572FF0010052A /* TabBarViewController.swift in Sources */ = {isa = PBXBuildFile; fileRef = 4C18903422C572FF0010052A /* TabBarViewController.swift */; };
		4C4BAF26225E04580039E022 /* AppDelegate.swift in Sources */ = {isa = PBXBuildFile; fileRef = 4C4BAF25225E04580039E022 /* AppDelegate.swift */; };
		4C4BAF2D225E04580039E022 /* Assets.xcassets in Resources */ = {isa = PBXBuildFile; fileRef = 4C4BAF2C225E04580039E022 /* Assets.xcassets */; };
		4C4BAF30225E04580039E022 /* LaunchScreen.storyboard in Resources */ = {isa = PBXBuildFile; fileRef = 4C4BAF2E225E04580039E022 /* LaunchScreen.storyboard */; };
		4C4BAF38225E0D950039E022 /* UIView extensions.swift in Sources */ = {isa = PBXBuildFile; fileRef = 4C4BAF37225E0D950039E022 /* UIView extensions.swift */; };
		4C4BAF42225F7D410039E022 /* QuizService.swift in Sources */ = {isa = PBXBuildFile; fileRef = 4C4BAF41225F7D410039E022 /* QuizService.swift */; };
		4C4BAF46225F8B060039E022 /* Quiz + CoreDataClass.swift in Sources */ = {isa = PBXBuildFile; fileRef = 4C4BAF45225F8B060039E022 /* Quiz + CoreDataClass.swift */; };
		4C4BAF48225F974C0039E022 /* Question + CoreDataClass.swift in Sources */ = {isa = PBXBuildFile; fileRef = 4C4BAF47225F974C0039E022 /* Question + CoreDataClass.swift */; };
		4C65D19822C5A71F006F4282 /* QuizTableFooter.swift in Sources */ = {isa = PBXBuildFile; fileRef = 4C65D19722C5A71F006F4282 /* QuizTableFooter.swift */; };
		4C65D19A22C5A79E006F4282 /* QuizTableHeader.swift in Sources */ = {isa = PBXBuildFile; fileRef = 4C65D19922C5A79E006F4282 /* QuizTableHeader.swift */; };
		4C65D19C22C5AA8D006F4282 /* QuizTableFooterView.swift in Sources */ = {isa = PBXBuildFile; fileRef = 4C65D19B22C5AA8D006F4282 /* QuizTableFooterView.swift */; };
		4C65D19F22C5AC51006F4282 /* QuizTableViewCell.swift in Sources */ = {isa = PBXBuildFile; fileRef = 4C65D19D22C5AC51006F4282 /* QuizTableViewCell.swift */; };
		4C65D1A022C5AC51006F4282 /* QuizTableViewCell.xib in Resources */ = {isa = PBXBuildFile; fileRef = 4C65D19E22C5AC51006F4282 /* QuizTableViewCell.xib */; };
		4C65D1A222C5C128006F4282 /* QuizViewModel.swift in Sources */ = {isa = PBXBuildFile; fileRef = 4C65D1A122C5C128006F4282 /* QuizViewModel.swift */; };
		4C65D1A422C5C176006F4282 /* LeaderboardViewModel.swift in Sources */ = {isa = PBXBuildFile; fileRef = 4C65D1A322C5C176006F4282 /* LeaderboardViewModel.swift */; };
		4C65D1AC22C5C5E7006F4282 /* ScoreTableViewCell.swift in Sources */ = {isa = PBXBuildFile; fileRef = 4C65D1AA22C5C5E7006F4282 /* ScoreTableViewCell.swift */; };
		4C65D1AD22C5C5E7006F4282 /* ScoreTableViewCell.xib in Resources */ = {isa = PBXBuildFile; fileRef = 4C65D1AB22C5C5E7006F4282 /* ScoreTableViewCell.xib */; };
		4C65D1B022C5CCFE006F4282 /* LeaderboardViewController.swift in Sources */ = {isa = PBXBuildFile; fileRef = 4C65D1AE22C5CCFE006F4282 /* LeaderboardViewController.swift */; };
		4C65D1B122C5CCFE006F4282 /* LeaderboardViewController.xib in Resources */ = {isa = PBXBuildFile; fileRef = 4C65D1AF22C5CCFE006F4282 /* LeaderboardViewController.xib */; };
		4C65D1B422C5CDBC006F4282 /* QuizSearchViewController.swift in Sources */ = {isa = PBXBuildFile; fileRef = 4C65D1B222C5CDBC006F4282 /* QuizSearchViewController.swift */; };
		4C65D1B522C5CDBC006F4282 /* QuizSearchViewController.xib in Resources */ = {isa = PBXBuildFile; fileRef = 4C65D1B322C5CDBC006F4282 /* QuizSearchViewController.xib */; };
		4C65D1B822C5CDDC006F4282 /* QuizViewController.swift in Sources */ = {isa = PBXBuildFile; fileRef = 4C65D1B622C5CDDC006F4282 /* QuizViewController.swift */; };
		4C65D1B922C5CDDC006F4282 /* QuizViewController.xib in Resources */ = {isa = PBXBuildFile; fileRef = 4C65D1B722C5CDDC006F4282 /* QuizViewController.xib */; };
		4C65D1BC22C5CDF6006F4282 /* SettingsViewController.swift in Sources */ = {isa = PBXBuildFile; fileRef = 4C65D1BA22C5CDF6006F4282 /* SettingsViewController.swift */; };
		4C65D1BD22C5CDF6006F4282 /* SettingsViewController.xib in Resources */ = {isa = PBXBuildFile; fileRef = 4C65D1BB22C5CDF6006F4282 /* SettingsViewController.xib */; };
		4C65D1BF22C5CFBC006F4282 /* QuestionView.swift in Sources */ = {isa = PBXBuildFile; fileRef = 4C65D1BE22C5CFBC006F4282 /* QuestionView.swift */; };
		4C65D1C222C5F038006F4282 /* Model.xcdatamodeld in Sources */ = {isa = PBXBuildFile; fileRef = 4C65D1C022C5F038006F4282 /* Model.xcdatamodeld */; };
		4C65D1C522C60705006F4282 /* list.png in Resources */ = {isa = PBXBuildFile; fileRef = 4C65D1C322C60704006F4282 /* list.png */; };
		4C65D1C622C60705006F4282 /* user.png in Resources */ = {isa = PBXBuildFile; fileRef = 4C65D1C422C60705006F4282 /* user.png */; };
		4C65D1C822C60781006F4282 /* user2.png in Resources */ = {isa = PBXBuildFile; fileRef = 4C65D1C722C60781006F4282 /* user2.png */; };
		4C65D1CD22C60900006F4282 /* list2.png in Resources */ = {isa = PBXBuildFile; fileRef = 4C65D1CC22C608FF006F4282 /* list2.png */; };
		4C65D1CF22C60BB4006F4282 /* delfile.png in Resources */ = {isa = PBXBuildFile; fileRef = 4C65D1CE22C60BB3006F4282 /* delfile.png */; };
		4C65D1D122C60C13006F4282 /* delfile2.png in Resources */ = {isa = PBXBuildFile; fileRef = 4C65D1D022C60C13006F4282 /* delfile2.png */; };
		4C65D1D322C60FA1006F4282 /* logout.png in Resources */ = {isa = PBXBuildFile; fileRef = 4C65D1D222C60FA1006F4282 /* logout.png */; };
		4C65D1D522C60FFF006F4282 /* logout2.png in Resources */ = {isa = PBXBuildFile; fileRef = 4C65D1D422C60FFF006F4282 /* logout2.png */; };
		4CDCE1372291AE6600ED9689 /* quizLogoImage.jpg in Resources */ = {isa = PBXBuildFile; fileRef = 4CDCE1362291AE6600ED9689 /* quizLogoImage.jpg */; };
		4CDCE139229214F100ED9689 /* LoginService.swift in Sources */ = {isa = PBXBuildFile; fileRef = 4CDCE138229214F100ED9689 /* LoginService.swift */; };
/* End PBXBuildFile section */

/* Begin PBXFileReference section */
		4C18901D22B9A95B0010052A /* LoginInScreenViewController.swift */ = {isa = PBXFileReference; lastKnownFileType = sourcecode.swift; path = LoginInScreenViewController.swift; sourceTree = "<group>"; };
		4C18901E22B9A95B0010052A /* LoginInScreenViewController.xib */ = {isa = PBXFileReference; lastKnownFileType = file.xib; path = LoginInScreenViewController.xib; sourceTree = "<group>"; };
		4C18902122BAC0A60010052A /* QuizListViewController.swift */ = {isa = PBXFileReference; lastKnownFileType = sourcecode.swift; path = QuizListViewController.swift; sourceTree = "<group>"; };
		4C18902222BAC0A60010052A /* QuizListViewController.xib */ = {isa = PBXFileReference; lastKnownFileType = file.xib; path = QuizListViewController.xib; sourceTree = "<group>"; };
		4C18902622BAF4640010052A /* QuizListViewModel.swift */ = {isa = PBXFileReference; lastKnownFileType = sourcecode.swift; path = QuizListViewModel.swift; sourceTree = "<group>"; };
		4C18902822BFD3370010052A /* DataController.swift */ = {isa = PBXFileReference; lastKnownFileType = sourcecode.swift; path = DataController.swift; sourceTree = "<group>"; };
		4C18902A22BFE1B70010052A /* Quiz + CoreDataProperties.swift */ = {isa = PBXFileReference; lastKnownFileType = sourcecode.swift; path = "Quiz + CoreDataProperties.swift"; sourceTree = "<group>"; };
		4C18902C22BFF3380010052A /* Question + CoreDataProperties.swift */ = {isa = PBXFileReference; lastKnownFileType = sourcecode.swift; path = "Question + CoreDataProperties.swift"; sourceTree = "<group>"; };
		4C18902E22C108590010052A /* QuizScore.swift */ = {isa = PBXFileReference; lastKnownFileType = sourcecode.swift; path = QuizScore.swift; sourceTree = "<group>"; };
		4C18903422C572FF0010052A /* TabBarViewController.swift */ = {isa = PBXFileReference; lastKnownFileType = sourcecode.swift; path = TabBarViewController.swift; sourceTree = "<group>"; };
		4C4BAF22225E04580039E022 /* iosQuiz.app */ = {isa = PBXFileReference; explicitFileType = wrapper.application; includeInIndex = 0; path = iosQuiz.app; sourceTree = BUILT_PRODUCTS_DIR; };
		4C4BAF25225E04580039E022 /* AppDelegate.swift */ = {isa = PBXFileReference; lastKnownFileType = sourcecode.swift; path = AppDelegate.swift; sourceTree = "<group>"; };
		4C4BAF2C225E04580039E022 /* Assets.xcassets */ = {isa = PBXFileReference; lastKnownFileType = folder.assetcatalog; path = Assets.xcassets; sourceTree = "<group>"; };
		4C4BAF2F225E04580039E022 /* Base */ = {isa = PBXFileReference; lastKnownFileType = file.storyboard; name = Base; path = Base.lproj/LaunchScreen.storyboard; sourceTree = "<group>"; };
		4C4BAF31225E04580039E022 /* Info.plist */ = {isa = PBXFileReference; lastKnownFileType = text.plist.xml; path = Info.plist; sourceTree = "<group>"; };
		4C4BAF37225E0D950039E022 /* UIView extensions.swift */ = {isa = PBXFileReference; lastKnownFileType = sourcecode.swift; path = "UIView extensions.swift"; sourceTree = "<group>"; };
		4C4BAF41225F7D410039E022 /* QuizService.swift */ = {isa = PBXFileReference; lastKnownFileType = sourcecode.swift; path = QuizService.swift; sourceTree = "<group>"; };
		4C4BAF45225F8B060039E022 /* Quiz + CoreDataClass.swift */ = {isa = PBXFileReference; lastKnownFileType = sourcecode.swift; path = "Quiz + CoreDataClass.swift"; sourceTree = "<group>"; };
		4C4BAF47225F974C0039E022 /* Question + CoreDataClass.swift */ = {isa = PBXFileReference; lastKnownFileType = sourcecode.swift; path = "Question + CoreDataClass.swift"; sourceTree = "<group>"; };
		4C65D19722C5A71F006F4282 /* QuizTableFooter.swift */ = {isa = PBXFileReference; lastKnownFileType = sourcecode.swift; path = QuizTableFooter.swift; sourceTree = "<group>"; };
		4C65D19922C5A79E006F4282 /* QuizTableHeader.swift */ = {isa = PBXFileReference; lastKnownFileType = sourcecode.swift; path = QuizTableHeader.swift; sourceTree = "<group>"; };
		4C65D19B22C5AA8D006F4282 /* QuizTableFooterView.swift */ = {isa = PBXFileReference; lastKnownFileType = sourcecode.swift; path = QuizTableFooterView.swift; sourceTree = "<group>"; };
		4C65D19D22C5AC51006F4282 /* QuizTableViewCell.swift */ = {isa = PBXFileReference; lastKnownFileType = sourcecode.swift; path = QuizTableViewCell.swift; sourceTree = "<group>"; };
		4C65D19E22C5AC51006F4282 /* QuizTableViewCell.xib */ = {isa = PBXFileReference; lastKnownFileType = file.xib; path = QuizTableViewCell.xib; sourceTree = "<group>"; };
		4C65D1A122C5C128006F4282 /* QuizViewModel.swift */ = {isa = PBXFileReference; lastKnownFileType = sourcecode.swift; path = QuizViewModel.swift; sourceTree = "<group>"; };
		4C65D1A322C5C176006F4282 /* LeaderboardViewModel.swift */ = {isa = PBXFileReference; lastKnownFileType = sourcecode.swift; path = LeaderboardViewModel.swift; sourceTree = "<group>"; };
		4C65D1AA22C5C5E7006F4282 /* ScoreTableViewCell.swift */ = {isa = PBXFileReference; lastKnownFileType = sourcecode.swift; path = ScoreTableViewCell.swift; sourceTree = "<group>"; };
		4C65D1AB22C5C5E7006F4282 /* ScoreTableViewCell.xib */ = {isa = PBXFileReference; lastKnownFileType = file.xib; path = ScoreTableViewCell.xib; sourceTree = "<group>"; };
		4C65D1AE22C5CCFE006F4282 /* LeaderboardViewController.swift */ = {isa = PBXFileReference; lastKnownFileType = sourcecode.swift; path = LeaderboardViewController.swift; sourceTree = "<group>"; };
		4C65D1AF22C5CCFE006F4282 /* LeaderboardViewController.xib */ = {isa = PBXFileReference; lastKnownFileType = file.xib; path = LeaderboardViewController.xib; sourceTree = "<group>"; };
		4C65D1B222C5CDBC006F4282 /* QuizSearchViewController.swift */ = {isa = PBXFileReference; lastKnownFileType = sourcecode.swift; path = QuizSearchViewController.swift; sourceTree = "<group>"; };
		4C65D1B322C5CDBC006F4282 /* QuizSearchViewController.xib */ = {isa = PBXFileReference; lastKnownFileType = file.xib; path = QuizSearchViewController.xib; sourceTree = "<group>"; };
		4C65D1B622C5CDDC006F4282 /* QuizViewController.swift */ = {isa = PBXFileReference; lastKnownFileType = sourcecode.swift; path = QuizViewController.swift; sourceTree = "<group>"; };
		4C65D1B722C5CDDC006F4282 /* QuizViewController.xib */ = {isa = PBXFileReference; lastKnownFileType = file.xib; path = QuizViewController.xib; sourceTree = "<group>"; };
		4C65D1BA22C5CDF6006F4282 /* SettingsViewController.swift */ = {isa = PBXFileReference; lastKnownFileType = sourcecode.swift; path = SettingsViewController.swift; sourceTree = "<group>"; };
		4C65D1BB22C5CDF6006F4282 /* SettingsViewController.xib */ = {isa = PBXFileReference; lastKnownFileType = file.xib; path = SettingsViewController.xib; sourceTree = "<group>"; };
		4C65D1BE22C5CFBC006F4282 /* QuestionView.swift */ = {isa = PBXFileReference; lastKnownFileType = sourcecode.swift; path = QuestionView.swift; sourceTree = "<group>"; };
		4C65D1C122C5F038006F4282 /* Model.xcdatamodel */ = {isa = PBXFileReference; lastKnownFileType = wrapper.xcdatamodel; path = Model.xcdatamodel; sourceTree = "<group>"; };
		4C65D1C322C60704006F4282 /* list.png */ = {isa = PBXFileReference; lastKnownFileType = image.png; name = list.png; path = ../../../../Downloads/list.png; sourceTree = "<group>"; };
		4C65D1C422C60705006F4282 /* user.png */ = {isa = PBXFileReference; lastKnownFileType = image.png; name = user.png; path = ../../../../Downloads/user.png; sourceTree = "<group>"; };
		4C65D1C722C60781006F4282 /* user2.png */ = {isa = PBXFileReference; lastKnownFileType = image.png; name = user2.png; path = ../../../../Downloads/user2.png; sourceTree = "<group>"; };
		4C65D1CC22C608FF006F4282 /* list2.png */ = {isa = PBXFileReference; lastKnownFileType = image.png; name = list2.png; path = ../../../../Downloads/list2.png; sourceTree = "<group>"; };
		4C65D1CE22C60BB3006F4282 /* delfile.png */ = {isa = PBXFileReference; lastKnownFileType = image.png; name = delfile.png; path = ../../../../Downloads/delfile.png; sourceTree = "<group>"; };
		4C65D1D022C60C13006F4282 /* delfile2.png */ = {isa = PBXFileReference; lastKnownFileType = image.png; name = delfile2.png; path = ../../../../Downloads/delfile2.png; sourceTree = "<group>"; };
		4C65D1D222C60FA1006F4282 /* logout.png */ = {isa = PBXFileReference; lastKnownFileType = image.png; name = logout.png; path = ../../../../Downloads/logout.png; sourceTree = "<group>"; };
		4C65D1D422C60FFF006F4282 /* logout2.png */ = {isa = PBXFileReference; lastKnownFileType = image.png; name = logout2.png; path = ../../../../Downloads/logout2.png; sourceTree = "<group>"; };
		4CDCE1362291AE6600ED9689 /* quizLogoImage.jpg */ = {isa = PBXFileReference; lastKnownFileType = image.jpeg; name = quizLogoImage.jpg; path = ../../../quizLogoImage.jpg; sourceTree = "<group>"; };
		4CDCE138229214F100ED9689 /* LoginService.swift */ = {isa = PBXFileReference; lastKnownFileType = sourcecode.swift; path = LoginService.swift; sourceTree = "<group>"; };
/* End PBXFileReference section */

/* Begin PBXFrameworksBuildPhase section */
		4C4BAF1F225E04580039E022 /* Frameworks */ = {
			isa = PBXFrameworksBuildPhase;
			buildActionMask = 2147483647;
			files = (
			);
			runOnlyForDeploymentPostprocessing = 0;
		};
/* End PBXFrameworksBuildPhase section */

/* Begin PBXGroup section */
		4C18902522BAF3F90010052A /* View models */ = {
			isa = PBXGroup;
			children = (
				4C18902622BAF4640010052A /* QuizListViewModel.swift */,
				4C65D1A122C5C128006F4282 /* QuizViewModel.swift */,
				4C65D1A322C5C176006F4282 /* LeaderboardViewModel.swift */,
			);
			path = "View models";
			sourceTree = "<group>";
		};
		4C4BAF19225E04580039E022 = {
			isa = PBXGroup;
			children = (
				4C4BAF24225E04580039E022 /* iosQuiz */,
				4C4BAF23225E04580039E022 /* Products */,
			);
			sourceTree = "<group>";
		};
		4C4BAF23225E04580039E022 /* Products */ = {
			isa = PBXGroup;
			children = (
				4C4BAF22225E04580039E022 /* iosQuiz.app */,
			);
			name = Products;
			sourceTree = "<group>";
		};
		4C4BAF24225E04580039E022 /* iosQuiz */ = {
			isa = PBXGroup;
			children = (
				4C4BAF25225E04580039E022 /* AppDelegate.swift */,
				4CDCE12E22916CA900ED9689 /* ViewControllers */,
				4C65D19622C5A6F1006F4282 /* Views */,
				4C18902522BAF3F90010052A /* View models */,
				4C849E1922A8383000E34957 /* CoreData */,
				4C65D1A522C5C347006F4282 /* Services */,
				4CDCE13122916CEC00ED9689 /* Support */,
				4C4BAF2C225E04580039E022 /* Assets.xcassets */,
				4C65D1D422C60FFF006F4282 /* logout2.png */,
				4C65D1D222C60FA1006F4282 /* logout.png */,
				4C65D1D022C60C13006F4282 /* delfile2.png */,
				4C65D1CE22C60BB3006F4282 /* delfile.png */,
				4C65D1CC22C608FF006F4282 /* list2.png */,
				4C65D1C722C60781006F4282 /* user2.png */,
				4C65D1C322C60704006F4282 /* list.png */,
				4C65D1C422C60705006F4282 /* user.png */,
				4CDCE1362291AE6600ED9689 /* quizLogoImage.jpg */,
				4C4BAF2E225E04580039E022 /* LaunchScreen.storyboard */,
				4C4BAF31225E04580039E022 /* Info.plist */,
			);
			path = iosQuiz;
			sourceTree = "<group>";
		};
		4C65D19622C5A6F1006F4282 /* Views */ = {
			isa = PBXGroup;
			children = (
				4C65D19722C5A71F006F4282 /* QuizTableFooter.swift */,
				4C65D19922C5A79E006F4282 /* QuizTableHeader.swift */,
				4C65D19B22C5AA8D006F4282 /* QuizTableFooterView.swift */,
				4C65D19D22C5AC51006F4282 /* QuizTableViewCell.swift */,
				4C65D19E22C5AC51006F4282 /* QuizTableViewCell.xib */,
				4C65D1AA22C5C5E7006F4282 /* ScoreTableViewCell.swift */,
				4C65D1AB22C5C5E7006F4282 /* ScoreTableViewCell.xib */,
				4C65D1BE22C5CFBC006F4282 /* QuestionView.swift */,
			);
			path = Views;
			sourceTree = "<group>";
		};
		4C65D1A522C5C347006F4282 /* Services */ = {
			isa = PBXGroup;
			children = (
				4CDCE138229214F100ED9689 /* LoginService.swift */,
				4C4BAF41225F7D410039E022 /* QuizService.swift */,
			);
			path = Services;
			sourceTree = "<group>";
		};
		4C849E1922A8383000E34957 /* CoreData */ = {
			isa = PBXGroup;
			children = (
				4C18902822BFD3370010052A /* DataController.swift */,
				4C4BAF45225F8B060039E022 /* Quiz + CoreDataClass.swift */,
				4C18902A22BFE1B70010052A /* Quiz + CoreDataProperties.swift */,
				4C4BAF47225F974C0039E022 /* Question + CoreDataClass.swift */,
				4C18902C22BFF3380010052A /* Question + CoreDataProperties.swift */,
				4C65D1C022C5F038006F4282 /* Model.xcdatamodeld */,
			);
			path = CoreData;
			sourceTree = "<group>";
		};
		4CDCE12E22916CA900ED9689 /* ViewControllers */ = {
			isa = PBXGroup;
			children = (
				4C18901D22B9A95B0010052A /* LoginInScreenViewController.swift */,
				4C18901E22B9A95B0010052A /* LoginInScreenViewController.xib */,
				4C18902122BAC0A60010052A /* QuizListViewController.swift */,
				4C18902222BAC0A60010052A /* QuizListViewController.xib */,
				4C18903422C572FF0010052A /* TabBarViewController.swift */,
				4C65D1AE22C5CCFE006F4282 /* LeaderboardViewController.swift */,
				4C65D1AF22C5CCFE006F4282 /* LeaderboardViewController.xib */,
				4C65D1B222C5CDBC006F4282 /* QuizSearchViewController.swift */,
				4C65D1B322C5CDBC006F4282 /* QuizSearchViewController.xib */,
				4C65D1B622C5CDDC006F4282 /* QuizViewController.swift */,
				4C65D1B722C5CDDC006F4282 /* QuizViewController.xib */,
				4C65D1BA22C5CDF6006F4282 /* SettingsViewController.swift */,
				4C65D1BB22C5CDF6006F4282 /* SettingsViewController.xib */,
			);
			path = ViewControllers;
			sourceTree = "<group>";
		};
		4CDCE13122916CEC00ED9689 /* Support */ = {
			isa = PBXGroup;
			children = (
				4C4BAF37225E0D950039E022 /* UIView extensions.swift */,
				4C18902E22C108590010052A /* QuizScore.swift */,
			);
			path = Support;
			sourceTree = "<group>";
		};
/* End PBXGroup section */

/* Begin PBXNativeTarget section */
		4C4BAF21225E04580039E022 /* iosQuiz */ = {
			isa = PBXNativeTarget;
			buildConfigurationList = 4C4BAF34225E04580039E022 /* Build configuration list for PBXNativeTarget "iosQuiz" */;
			buildPhases = (
				4C4BAF1E225E04580039E022 /* Sources */,
				4C4BAF1F225E04580039E022 /* Frameworks */,
				4C4BAF20225E04580039E022 /* Resources */,
			);
			buildRules = (
			);
			dependencies = (
			);
			name = iosQuiz;
			productName = iosQuiz;
			productReference = 4C4BAF22225E04580039E022 /* iosQuiz.app */;
			productType = "com.apple.product-type.application";
		};
/* End PBXNativeTarget section */

/* Begin PBXProject section */
		4C4BAF1A225E04580039E022 /* Project object */ = {
			isa = PBXProject;
			attributes = {
				LastSwiftUpdateCheck = 0920;
				LastUpgradeCheck = 0920;
				ORGANIZATIONNAME = "Marko Barisic";
				TargetAttributes = {
					4C4BAF21225E04580039E022 = {
						CreatedOnToolsVersion = 9.2;
						ProvisioningStyle = Automatic;
					};
				};
			};
			buildConfigurationList = 4C4BAF1D225E04580039E022 /* Build configuration list for PBXProject "iosQuiz" */;
			compatibilityVersion = "Xcode 8.0";
			developmentRegion = en;
			hasScannedForEncodings = 0;
			knownRegions = (
				en,
				Base,
			);
			mainGroup = 4C4BAF19225E04580039E022;
			productRefGroup = 4C4BAF23225E04580039E022 /* Products */;
			projectDirPath = "";
			projectRoot = "";
			targets = (
				4C4BAF21225E04580039E022 /* iosQuiz */,
			);
		};
/* End PBXProject section */

/* Begin PBXResourcesBuildPhase section */
		4C4BAF20225E04580039E022 /* Resources */ = {
			isa = PBXResourcesBuildPhase;
			buildActionMask = 2147483647;
			files = (
				4C65D1B122C5CCFE006F4282 /* LeaderboardViewController.xib in Resources */,
				4C65D1B522C5CDBC006F4282 /* QuizSearchViewController.xib in Resources */,
				4C65D1CD22C60900006F4282 /* list2.png in Resources */,
				4C65D1D122C60C13006F4282 /* delfile2.png in Resources */,
				4C65D1CF22C60BB4006F4282 /* delfile.png in Resources */,
				4C18902422BAC0A60010052A /* QuizListViewController.xib in Resources */,
				4C4BAF30225E04580039E022 /* LaunchScreen.storyboard in Resources */,
				4C65D1B922C5CDDC006F4282 /* QuizViewController.xib in Resources */,
				4C65D1A022C5AC51006F4282 /* QuizTableViewCell.xib in Resources */,
				4C4BAF2D225E04580039E022 /* Assets.xcassets in Resources */,
				4C65D1BD22C5CDF6006F4282 /* SettingsViewController.xib in Resources */,
				4CDCE1372291AE6600ED9689 /* quizLogoImage.jpg in Resources */,
				4C65D1AD22C5C5E7006F4282 /* ScoreTableViewCell.xib in Resources */,
				4C18902022B9A95B0010052A /* LoginInScreenViewController.xib in Resources */,
				4C65D1C822C60781006F4282 /* user2.png in Resources */,
				4C65D1C622C60705006F4282 /* user.png in Resources */,
				4C65D1C522C60705006F4282 /* list.png in Resources */,
				4C65D1D322C60FA1006F4282 /* logout.png in Resources */,
				4C65D1D522C60FFF006F4282 /* logout2.png in Resources */,
			);
			runOnlyForDeploymentPostprocessing = 0;
		};
/* End PBXResourcesBuildPhase section */

/* Begin PBXSourcesBuildPhase section */
		4C4BAF1E225E04580039E022 /* Sources */ = {
			isa = PBXSourcesBuildPhase;
			buildActionMask = 2147483647;
			files = (
				4C18903622C572FF0010052A /* TabBarViewController.swift in Sources */,
				4C65D1BC22C5CDF6006F4282 /* SettingsViewController.swift in Sources */,
				4C4BAF46225F8B060039E022 /* Quiz + CoreDataClass.swift in Sources */,
				4C65D1A422C5C176006F4282 /* LeaderboardViewModel.swift in Sources */,
				4C65D1AC22C5C5E7006F4282 /* ScoreTableViewCell.swift in Sources */,
				4C65D1C222C5F038006F4282 /* Model.xcdatamodeld in Sources */,
				4C4BAF38225E0D950039E022 /* UIView extensions.swift in Sources */,
				4C65D19A22C5A79E006F4282 /* QuizTableHeader.swift in Sources */,
				4C4BAF42225F7D410039E022 /* QuizService.swift in Sources */,
				4C18901F22B9A95B0010052A /* LoginInScreenViewController.swift in Sources */,
				4C18902322BAC0A60010052A /* QuizListViewController.swift in Sources */,
				4C4BAF26225E04580039E022 /* AppDelegate.swift in Sources */,
				4C18902922BFD3370010052A /* DataController.swift in Sources */,
				4C65D19F22C5AC51006F4282 /* QuizTableViewCell.swift in Sources */,
				4C65D19822C5A71F006F4282 /* QuizTableFooter.swift in Sources */,
				4C18902B22BFE1B70010052A /* Quiz + CoreDataProperties.swift in Sources */,
				4C65D19C22C5AA8D006F4282 /* QuizTableFooterView.swift in Sources */,
				4C65D1B022C5CCFE006F4282 /* LeaderboardViewController.swift in Sources */,
				4C18902722BAF4640010052A /* QuizListViewModel.swift in Sources */,
				4C65D1BF22C5CFBC006F4282 /* QuestionView.swift in Sources */,
				4C65D1A222C5C128006F4282 /* QuizViewModel.swift in Sources */,
				4C18902D22BFF3380010052A /* Question + CoreDataProperties.swift in Sources */,
				4C65D1B822C5CDDC006F4282 /* QuizViewController.swift in Sources */,
				4C4BAF48225F974C0039E022 /* Question + CoreDataClass.swift in Sources */,
				4C18902F22C108590010052A /* QuizScore.swift in Sources */,
				4CDCE139229214F100ED9689 /* LoginService.swift in Sources */,
				4C65D1B422C5CDBC006F4282 /* QuizSearchViewController.swift in Sources */,
			);
			runOnlyForDeploymentPostprocessing = 0;
		};
/* End PBXSourcesBuildPhase section */

/* Begin PBXVariantGroup section */
		4C4BAF2E225E04580039E022 /* LaunchScreen.storyboard */ = {
			isa = PBXVariantGroup;
			children = (
				4C4BAF2F225E04580039E022 /* Base */,
			);
			name = LaunchScreen.storyboard;
			sourceTree = "<group>";
		};
/* End PBXVariantGroup section */

/* Begin XCBuildConfiguration section */
		4C4BAF32225E04580039E022 /* Debug */ = {
			isa = XCBuildConfiguration;
			buildSettings = {
				ALWAYS_SEARCH_USER_PATHS = NO;
				CLANG_ANALYZER_NONNULL = YES;
				CLANG_ANALYZER_NUMBER_OBJECT_CONVERSION = YES_AGGRESSIVE;
				CLANG_CXX_LANGUAGE_STANDARD = "gnu++14";
				CLANG_CXX_LIBRARY = "libc++";
				CLANG_ENABLE_MODULES = YES;
				CLANG_ENABLE_OBJC_ARC = YES;
				CLANG_WARN_BLOCK_CAPTURE_AUTORELEASING = YES;
				CLANG_WARN_BOOL_CONVERSION = YES;
				CLANG_WARN_COMMA = YES;
				CLANG_WARN_CONSTANT_CONVERSION = YES;
				CLANG_WARN_DIRECT_OBJC_ISA_USAGE = YES_ERROR;
				CLANG_WARN_DOCUMENTATION_COMMENTS = YES;
				CLANG_WARN_EMPTY_BODY = YES;
				CLANG_WARN_ENUM_CONVERSION = YES;
				CLANG_WARN_INFINITE_RECURSION = YES;
				CLANG_WARN_INT_CONVERSION = YES;
				CLANG_WARN_NON_LITERAL_NULL_CONVERSION = YES;
				CLANG_WARN_OBJC_LITERAL_CONVERSION = YES;
				CLANG_WARN_OBJC_ROOT_CLASS = YES_ERROR;
				CLANG_WARN_RANGE_LOOP_ANALYSIS = YES;
				CLANG_WARN_STRICT_PROTOTYPES = YES;
				CLANG_WARN_SUSPICIOUS_MOVE = YES;
				CLANG_WARN_UNGUARDED_AVAILABILITY = YES_AGGRESSIVE;
				CLANG_WARN_UNREACHABLE_CODE = YES;
				CLANG_WARN__DUPLICATE_METHOD_MATCH = YES;
				CODE_SIGN_IDENTITY = "iPhone Developer";
				COPY_PHASE_STRIP = NO;
				DEBUG_INFORMATION_FORMAT = dwarf;
				ENABLE_STRICT_OBJC_MSGSEND = YES;
				ENABLE_TESTABILITY = YES;
				GCC_C_LANGUAGE_STANDARD = gnu11;
				GCC_DYNAMIC_NO_PIC = NO;
				GCC_NO_COMMON_BLOCKS = YES;
				GCC_OPTIMIZATION_LEVEL = 0;
				GCC_PREPROCESSOR_DEFINITIONS = (
					"DEBUG=1",
					"$(inherited)",
				);
				GCC_WARN_64_TO_32_BIT_CONVERSION = YES;
				GCC_WARN_ABOUT_RETURN_TYPE = YES_ERROR;
				GCC_WARN_UNDECLARED_SELECTOR = YES;
				GCC_WARN_UNINITIALIZED_AUTOS = YES_AGGRESSIVE;
				GCC_WARN_UNUSED_FUNCTION = YES;
				GCC_WARN_UNUSED_VARIABLE = YES;
				IPHONEOS_DEPLOYMENT_TARGET = 11.2;
				MTL_ENABLE_DEBUG_INFO = YES;
				ONLY_ACTIVE_ARCH = YES;
				SDKROOT = iphoneos;
				SWIFT_ACTIVE_COMPILATION_CONDITIONS = DEBUG;
				SWIFT_OPTIMIZATION_LEVEL = "-Onone";
			};
			name = Debug;
		};
		4C4BAF33225E04580039E022 /* Release */ = {
			isa = XCBuildConfiguration;
			buildSettings = {
				ALWAYS_SEARCH_USER_PATHS = NO;
				CLANG_ANALYZER_NONNULL = YES;
				CLANG_ANALYZER_NUMBER_OBJECT_CONVERSION = YES_AGGRESSIVE;
				CLANG_CXX_LANGUAGE_STANDARD = "gnu++14";
				CLANG_CXX_LIBRARY = "libc++";
				CLANG_ENABLE_MODULES = YES;
				CLANG_ENABLE_OBJC_ARC = YES;
				CLANG_WARN_BLOCK_CAPTURE_AUTORELEASING = YES;
				CLANG_WARN_BOOL_CONVERSION = YES;
				CLANG_WARN_COMMA = YES;
				CLANG_WARN_CONSTANT_CONVERSION = YES;
				CLANG_WARN_DIRECT_OBJC_ISA_USAGE = YES_ERROR;
				CLANG_WARN_DOCUMENTATION_COMMENTS = YES;
				CLANG_WARN_EMPTY_BODY = YES;
				CLANG_WARN_ENUM_CONVERSION = YES;
				CLANG_WARN_INFINITE_RECURSION = YES;
				CLANG_WARN_INT_CONVERSION = YES;
				CLANG_WARN_NON_LITERAL_NULL_CONVERSION = YES;
				CLANG_WARN_OBJC_LITERAL_CONVERSION = YES;
				CLANG_WARN_OBJC_ROOT_CLASS = YES_ERROR;
				CLANG_WARN_RANGE_LOOP_ANALYSIS = YES;
				CLANG_WARN_STRICT_PROTOTYPES = YES;
				CLANG_WARN_SUSPICIOUS_MOVE = YES;
				CLANG_WARN_UNGUARDED_AVAILABILITY = YES_AGGRESSIVE;
				CLANG_WARN_UNREACHABLE_CODE = YES;
				CLANG_WARN__DUPLICATE_METHOD_MATCH = YES;
				CODE_SIGN_IDENTITY = "iPhone Developer";
				COPY_PHASE_STRIP = NO;
				DEBUG_INFORMATION_FORMAT = "dwarf-with-dsym";
				ENABLE_NS_ASSERTIONS = NO;
				ENABLE_STRICT_OBJC_MSGSEND = YES;
				GCC_C_LANGUAGE_STANDARD = gnu11;
				GCC_NO_COMMON_BLOCKS = YES;
				GCC_WARN_64_TO_32_BIT_CONVERSION = YES;
				GCC_WARN_ABOUT_RETURN_TYPE = YES_ERROR;
				GCC_WARN_UNDECLARED_SELECTOR = YES;
				GCC_WARN_UNINITIALIZED_AUTOS = YES_AGGRESSIVE;
				GCC_WARN_UNUSED_FUNCTION = YES;
				GCC_WARN_UNUSED_VARIABLE = YES;
				IPHONEOS_DEPLOYMENT_TARGET = 11.2;
				MTL_ENABLE_DEBUG_INFO = NO;
				SDKROOT = iphoneos;
				SWIFT_OPTIMIZATION_LEVEL = "-Owholemodule";
				VALIDATE_PRODUCT = YES;
			};
			name = Release;
		};
		4C4BAF35225E04580039E022 /* Debug */ = {
			isa = XCBuildConfiguration;
			buildSettings = {
				ASSETCATALOG_COMPILER_APPICON_NAME = AppIcon;
				CODE_SIGN_STYLE = Automatic;
				INFOPLIST_FILE = iosQuiz/Info.plist;
				LD_RUNPATH_SEARCH_PATHS = "$(inherited) @executable_path/Frameworks";
				PRODUCT_BUNDLE_IDENTIFIER = hr.fer.barisic.marko.iosQuiz;
				PRODUCT_NAME = "$(TARGET_NAME)";
				SWIFT_VERSION = 4.0;
				TARGETED_DEVICE_FAMILY = "1,2";
			};
			name = Debug;
		};
		4C4BAF36225E04580039E022 /* Release */ = {
			isa = XCBuildConfiguration;
			buildSettings = {
				ASSETCATALOG_COMPILER_APPICON_NAME = AppIcon;
				CODE_SIGN_STYLE = Automatic;
				INFOPLIST_FILE = iosQuiz/Info.plist;
				LD_RUNPATH_SEARCH_PATHS = "$(inherited) @executable_path/Frameworks";
				PRODUCT_BUNDLE_IDENTIFIER = hr.fer.barisic.marko.iosQuiz;
				PRODUCT_NAME = "$(TARGET_NAME)";
				SWIFT_VERSION = 4.0;
				TARGETED_DEVICE_FAMILY = "1,2";
			};
			name = Release;
		};
/* End XCBuildConfiguration section */

/* Begin XCConfigurationList section */
		4C4BAF1D225E04580039E022 /* Build configuration list for PBXProject "iosQuiz" */ = {
			isa = XCConfigurationList;
			buildConfigurations = (
				4C4BAF32225E04580039E022 /* Debug */,
				4C4BAF33225E04580039E022 /* Release */,
			);
			defaultConfigurationIsVisible = 0;
			defaultConfigurationName = Release;
		};
		4C4BAF34225E04580039E022 /* Build configuration list for PBXNativeTarget "iosQuiz" */ = {
			isa = XCConfigurationList;
			buildConfigurations = (
				4C4BAF35225E04580039E022 /* Debug */,
				4C4BAF36225E04580039E022 /* Release */,
			);
			defaultConfigurationIsVisible = 0;
			defaultConfigurationName = Release;
		};
/* End XCConfigurationList section */

/* Begin XCVersionGroup section */
		4C65D1C022C5F038006F4282 /* Model.xcdatamodeld */ = {
			isa = XCVersionGroup;
			children = (
				4C65D1C122C5F038006F4282 /* Model.xcdatamodel */,
			);
			currentVersion = 4C65D1C122C5F038006F4282 /* Model.xcdatamodel */;
			path = Model.xcdatamodeld;
			sourceTree = "<group>";
			versionGroupType = wrapper.xcdatamodel;
		};
/* End XCVersionGroup section */
	};
	rootObject = 4C4BAF1A225E04580039E022 /* Project object */;
}
